// !$*UTF8*$!
{
	archiveVersion = 1;
	classes = {
	};
	objectVersion = 56;
	objects = {

/* Begin PBXBuildFile section */
		78215A272BCFF54900641903 /* JokeModel.swift in Sources */ = {isa = PBXBuildFile; fileRef = 78215A262BCFF54900641903 /* JokeModel.swift */; };
		78215A2A2BCFF75600641903 /* NetworkClient.swift in Sources */ = {isa = PBXBuildFile; fileRef = 78215A292BCFF75600641903 /* NetworkClient.swift */; };
		78215A2C2BCFF75D00641903 /* DefaultNetworkClient.swift in Sources */ = {isa = PBXBuildFile; fileRef = 78215A2B2BCFF75D00641903 /* DefaultNetworkClient.swift */; };
		78215A2F2BCFF7CC00641903 /* ContentRepository.swift in Sources */ = {isa = PBXBuildFile; fileRef = 78215A2E2BCFF7CC00641903 /* ContentRepository.swift */; };
		78215A312BCFF7D700641903 /* DefaultContentRepository.swift in Sources */ = {isa = PBXBuildFile; fileRef = 78215A302BCFF7D700641903 /* DefaultContentRepository.swift */; };
		78215A332BCFF8DB00641903 /* JokeListViewModel.swift in Sources */ = {isa = PBXBuildFile; fileRef = 78215A322BCFF8DB00641903 /* JokeListViewModel.swift */; };
		78D56AEB2BCFF12600D3DDCD /* simple_mvvm_apiApp.swift in Sources */ = {isa = PBXBuildFile; fileRef = 78D56AEA2BCFF12600D3DDCD /* simple_mvvm_apiApp.swift */; };
		78D56AED2BCFF12600D3DDCD /* ContentView.swift in Sources */ = {isa = PBXBuildFile; fileRef = 78D56AEC2BCFF12600D3DDCD /* ContentView.swift */; };
		78D56AEF2BCFF12800D3DDCD /* Assets.xcassets in Resources */ = {isa = PBXBuildFile; fileRef = 78D56AEE2BCFF12800D3DDCD /* Assets.xcassets */; };
		78D56AF22BCFF12800D3DDCD /* Preview Assets.xcassets in Resources */ = {isa = PBXBuildFile; fileRef = 78D56AF12BCFF12800D3DDCD /* Preview Assets.xcassets */; };
		78D56AFB2BCFF1D500D3DDCD /* Alamofire in Frameworks */ = {isa = PBXBuildFile; productRef = 78D56AFA2BCFF1D500D3DDCD /* Alamofire */; };
		78D56AFD2BCFF1D500D3DDCD /* AlamofireDynamic in Frameworks */ = {isa = PBXBuildFile; productRef = 78D56AFC2BCFF1D500D3DDCD /* AlamofireDynamic */; };
/* End PBXBuildFile section */

/* Begin PBXFileReference section */
		78215A262BCFF54900641903 /* JokeModel.swift */ = {isa = PBXFileReference; lastKnownFileType = sourcecode.swift; path = JokeModel.swift; sourceTree = "<group>"; };
		78215A292BCFF75600641903 /* NetworkClient.swift */ = {isa = PBXFileReference; lastKnownFileType = sourcecode.swift; path = NetworkClient.swift; sourceTree = "<group>"; };
		78215A2B2BCFF75D00641903 /* DefaultNetworkClient.swift */ = {isa = PBXFileReference; lastKnownFileType = sourcecode.swift; path = DefaultNetworkClient.swift; sourceTree = "<group>"; };
		78215A2E2BCFF7CC00641903 /* ContentRepository.swift */ = {isa = PBXFileReference; lastKnownFileType = sourcecode.swift; path = ContentRepository.swift; sourceTree = "<group>"; };
		78215A302BCFF7D700641903 /* DefaultContentRepository.swift */ = {isa = PBXFileReference; lastKnownFileType = sourcecode.swift; path = DefaultContentRepository.swift; sourceTree = "<group>"; };
		78215A322BCFF8DB00641903 /* JokeListViewModel.swift */ = {isa = PBXFileReference; lastKnownFileType = sourcecode.swift; path = JokeListViewModel.swift; sourceTree = "<group>"; };
		78D56AE72BCFF12600D3DDCD /* simple-mvvm-api.app */ = {isa = PBXFileReference; explicitFileType = wrapper.application; includeInIndex = 0; path = "simple-mvvm-api.app"; sourceTree = BUILT_PRODUCTS_DIR; };
		78D56AEA2BCFF12600D3DDCD /* simple_mvvm_apiApp.swift */ = {isa = PBXFileReference; lastKnownFileType = sourcecode.swift; path = simple_mvvm_apiApp.swift; sourceTree = "<group>"; };
		78D56AEC2BCFF12600D3DDCD /* ContentView.swift */ = {isa = PBXFileReference; lastKnownFileType = sourcecode.swift; path = ContentView.swift; sourceTree = "<group>"; };
		78D56AEE2BCFF12800D3DDCD /* Assets.xcassets */ = {isa = PBXFileReference; lastKnownFileType = folder.assetcatalog; path = Assets.xcassets; sourceTree = "<group>"; };
		78D56AF12BCFF12800D3DDCD /* Preview Assets.xcassets */ = {isa = PBXFileReference; lastKnownFileType = folder.assetcatalog; path = "Preview Assets.xcassets"; sourceTree = "<group>"; };
/* End PBXFileReference section */

/* Begin PBXFrameworksBuildPhase section */
		78D56AE42BCFF12600D3DDCD /* Frameworks */ = {
			isa = PBXFrameworksBuildPhase;
			buildActionMask = 2147483647;
			files = (
				78D56AFB2BCFF1D500D3DDCD /* Alamofire in Frameworks */,
				78D56AFD2BCFF1D500D3DDCD /* AlamofireDynamic in Frameworks */,
			);
			runOnlyForDeploymentPostprocessing = 0;
		};
/* End PBXFrameworksBuildPhase section */

/* Begin PBXGroup section */
		78215A252BCFF54100641903 /* JokeList */ = {
			isa = PBXGroup;
			children = (
				78215A262BCFF54900641903 /* JokeModel.swift */,
				78215A322BCFF8DB00641903 /* JokeListViewModel.swift */,
			);
			path = JokeList;
			sourceTree = "<group>";
		};
		78215A282BCFF5C100641903 /* NetworkClient */ = {
			isa = PBXGroup;
			children = (
				78215A292BCFF75600641903 /* NetworkClient.swift */,
				78215A2B2BCFF75D00641903 /* DefaultNetworkClient.swift */,
			);
			path = NetworkClient;
			sourceTree = "<group>";
		};
		78215A2D2BCFF7BC00641903 /* Repository */ = {
			isa = PBXGroup;
			children = (
				78215A2E2BCFF7CC00641903 /* ContentRepository.swift */,
				78215A302BCFF7D700641903 /* DefaultContentRepository.swift */,
			);
			path = Repository;
			sourceTree = "<group>";
		};
		78D56ADE2BCFF12600D3DDCD = {
			isa = PBXGroup;
			children = (
				78D56AE92BCFF12600D3DDCD /* simple-mvvm-api */,
				78D56AE82BCFF12600D3DDCD /* Products */,
			);
			sourceTree = "<group>";
		};
		78D56AE82BCFF12600D3DDCD /* Products */ = {
			isa = PBXGroup;
			children = (
				78D56AE72BCFF12600D3DDCD /* simple-mvvm-api.app */,
			);
			name = Products;
			sourceTree = "<group>";
		};
		78D56AE92BCFF12600D3DDCD /* simple-mvvm-api */ = {
			isa = PBXGroup;
			children = (
				78D56AEA2BCFF12600D3DDCD /* simple_mvvm_apiApp.swift */,
				78D56AEC2BCFF12600D3DDCD /* ContentView.swift */,
				78215A2D2BCFF7BC00641903 /* Repository */,
				78215A282BCFF5C100641903 /* NetworkClient */,
				78215A252BCFF54100641903 /* JokeList */,
				78D56AEE2BCFF12800D3DDCD /* Assets.xcassets */,
				78D56AF02BCFF12800D3DDCD /* Preview Content */,
			);
			path = "simple-mvvm-api";
			sourceTree = "<group>";
		};
		78D56AF02BCFF12800D3DDCD /* Preview Content */ = {
			isa = PBXGroup;
			children = (
				78D56AF12BCFF12800D3DDCD /* Preview Assets.xcassets */,
			);
			path = "Preview Content";
			sourceTree = "<group>";
		};
/* End PBXGroup section */

/* Begin PBXNativeTarget section */
		78D56AE62BCFF12600D3DDCD /* simple-mvvm-api */ = {
			isa = PBXNativeTarget;
			buildConfigurationList = 78D56AF52BCFF12800D3DDCD /* Build configuration list for PBXNativeTarget "simple-mvvm-api" */;
			buildPhases = (
				78D56AE32BCFF12600D3DDCD /* Sources */,
				78D56AE42BCFF12600D3DDCD /* Frameworks */,
				78D56AE52BCFF12600D3DDCD /* Resources */,
			);
			buildRules = (
			);
			dependencies = (
			);
			name = "simple-mvvm-api";
			packageProductDependencies = (
				78D56AFA2BCFF1D500D3DDCD /* Alamofire */,
				78D56AFC2BCFF1D500D3DDCD /* AlamofireDynamic */,
			);
			productName = "simple-mvvm-api";
			productReference = 78D56AE72BCFF12600D3DDCD /* simple-mvvm-api.app */;
			productType = "com.apple.product-type.application";
		};
/* End PBXNativeTarget section */

/* Begin PBXProject section */
		78D56ADF2BCFF12600D3DDCD /* Project object */ = {
			isa = PBXProject;
			attributes = {
				BuildIndependentTargetsInParallel = 1;
				LastSwiftUpdateCheck = 1510;
				LastUpgradeCheck = 1510;
				TargetAttributes = {
					78D56AE62BCFF12600D3DDCD = {
						CreatedOnToolsVersion = 15.1;
					};
				};
			};
			buildConfigurationList = 78D56AE22BCFF12600D3DDCD /* Build configuration list for PBXProject "simple-mvvm-api" */;
			compatibilityVersion = "Xcode 14.0";
			developmentRegion = en;
			hasScannedForEncodings = 0;
			knownRegions = (
				en,
				Base,
			);
			mainGroup = 78D56ADE2BCFF12600D3DDCD;
			packageReferences = (
				78D56AF92BCFF1D500D3DDCD /* XCRemoteSwiftPackageReference "Alamofire" */,
			);
			productRefGroup = 78D56AE82BCFF12600D3DDCD /* Products */;
			projectDirPath = "";
			projectRoot = "";
			targets = (
				78D56AE62BCFF12600D3DDCD /* simple-mvvm-api */,
			);
		};
/* End PBXProject section */

/* Begin PBXResourcesBuildPhase section */
		78D56AE52BCFF12600D3DDCD /* Resources */ = {
			isa = PBXResourcesBuildPhase;
			buildActionMask = 2147483647;
			files = (
				78D56AF22BCFF12800D3DDCD /* Preview Assets.xcassets in Resources */,
				78D56AEF2BCFF12800D3DDCD /* Assets.xcassets in Resources */,
			);
			runOnlyForDeploymentPostprocessing = 0;
		};
/* End PBXResourcesBuildPhase section */

/* Begin PBXSourcesBuildPhase section */
		78D56AE32BCFF12600D3DDCD /* Sources */ = {
			isa = PBXSourcesBuildPhase;
			buildActionMask = 2147483647;
			files = (
				78215A312BCFF7D700641903 /* DefaultContentRepository.swift in Sources */,
				78D56AED2BCFF12600D3DDCD /* ContentView.swift in Sources */,
				78215A2F2BCFF7CC00641903 /* ContentRepository.swift in Sources */,
				78215A332BCFF8DB00641903 /* JokeListViewModel.swift in Sources */,
				78D56AEB2BCFF12600D3DDCD /* simple_mvvm_apiApp.swift in Sources */,
				78215A272BCFF54900641903 /* JokeModel.swift in Sources */,
				78215A2C2BCFF75D00641903 /* DefaultNetworkClient.swift in Sources */,
				78215A2A2BCFF75600641903 /* NetworkClient.swift in Sources */,
			);
			runOnlyForDeploymentPostprocessing = 0;
		};
/* End PBXSourcesBuildPhase section */

/* Begin XCBuildConfiguration section */
		78D56AF32BCFF12800D3DDCD /* Debug */ = {
			isa = XCBuildConfiguration;
			buildSettings = {
				ALWAYS_SEARCH_USER_PATHS = NO;
				ASSETCATALOG_COMPILER_GENERATE_SWIFT_ASSET_SYMBOL_EXTENSIONS = YES;
				CLANG_ANALYZER_NONNULL = YES;
				CLANG_ANALYZER_NUMBER_OBJECT_CONVERSION = YES_AGGRESSIVE;
				CLANG_CXX_LANGUAGE_STANDARD = "gnu++20";
				CLANG_ENABLE_MODULES = YES;
				CLANG_ENABLE_OBJC_ARC = YES;
				CLANG_ENABLE_OBJC_WEAK = YES;
				CLANG_WARN_BLOCK_CAPTURE_AUTORELEASING = YES;
				CLANG_WARN_BOOL_CONVERSION = YES;
				CLANG_WARN_COMMA = YES;
				CLANG_WARN_CONSTANT_CONVERSION = YES;
				CLANG_WARN_DEPRECATED_OBJC_IMPLEMENTATIONS = YES;
				CLANG_WARN_DIRECT_OBJC_ISA_USAGE = YES_ERROR;
				CLANG_WARN_DOCUMENTATION_COMMENTS = YES;
				CLANG_WARN_EMPTY_BODY = YES;
				CLANG_WARN_ENUM_CONVERSION = YES;
				CLANG_WARN_INFINITE_RECURSION = YES;
				CLANG_WARN_INT_CONVERSION = YES;
				CLANG_WARN_NON_LITERAL_NULL_CONVERSION = YES;
				CLANG_WARN_OBJC_IMPLICIT_RETAIN_SELF = YES;
				CLANG_WARN_OBJC_LITERAL_CONVERSION = YES;
				CLANG_WARN_OBJC_ROOT_CLASS = YES_ERROR;
				CLANG_WARN_QUOTED_INCLUDE_IN_FRAMEWORK_HEADER = YES;
				CLANG_WARN_RANGE_LOOP_ANALYSIS = YES;
				CLANG_WARN_STRICT_PROTOTYPES = YES;
				CLANG_WARN_SUSPICIOUS_MOVE = YES;
				CLANG_WARN_UNGUARDED_AVAILABILITY = YES_AGGRESSIVE;
				CLANG_WARN_UNREACHABLE_CODE = YES;
				CLANG_WARN__DUPLICATE_METHOD_MATCH = YES;
				COPY_PHASE_STRIP = NO;
				DEBUG_INFORMATION_FORMAT = dwarf;
				ENABLE_STRICT_OBJC_MSGSEND = YES;
				ENABLE_TESTABILITY = YES;
				ENABLE_USER_SCRIPT_SANDBOXING = YES;
				GCC_C_LANGUAGE_STANDARD = gnu17;
				GCC_DYNAMIC_NO_PIC = NO;
				GCC_NO_COMMON_BLOCKS = YES;
				GCC_OPTIMIZATION_LEVEL = 0;
				GCC_PREPROCESSOR_DEFINITIONS = (
					"DEBUG=1",
					"$(inherited)",
				);
				GCC_WARN_64_TO_32_BIT_CONVERSION = YES;
				GCC_WARN_ABOUT_RETURN_TYPE = YES_ERROR;
				GCC_WARN_UNDECLARED_SELECTOR = YES;
				GCC_WARN_UNINITIALIZED_AUTOS = YES_AGGRESSIVE;
				GCC_WARN_UNUSED_FUNCTION = YES;
				GCC_WARN_UNUSED_VARIABLE = YES;
				IPHONEOS_DEPLOYMENT_TARGET = 17.2;
				LOCALIZATION_PREFERS_STRING_CATALOGS = YES;
				MTL_ENABLE_DEBUG_INFO = INCLUDE_SOURCE;
				MTL_FAST_MATH = YES;
				ONLY_ACTIVE_ARCH = YES;
				SDKROOT = iphoneos;
				SWIFT_ACTIVE_COMPILATION_CONDITIONS = "DEBUG $(inherited)";
				SWIFT_OPTIMIZATION_LEVEL = "-Onone";
			};
			name = Debug;
		};
		78D56AF42BCFF12800D3DDCD /* Release */ = {
			isa = XCBuildConfiguration;
			buildSettings = {
				ALWAYS_SEARCH_USER_PATHS = NO;
				ASSETCATALOG_COMPILER_GENERATE_SWIFT_ASSET_SYMBOL_EXTENSIONS = YES;
				CLANG_ANALYZER_NONNULL = YES;
				CLANG_ANALYZER_NUMBER_OBJECT_CONVERSION = YES_AGGRESSIVE;
				CLANG_CXX_LANGUAGE_STANDARD = "gnu++20";
				CLANG_ENABLE_MODULES = YES;
				CLANG_ENABLE_OBJC_ARC = YES;
				CLANG_ENABLE_OBJC_WEAK = YES;
				CLANG_WARN_BLOCK_CAPTURE_AUTORELEASING = YES;
				CLANG_WARN_BOOL_CONVERSION = YES;
				CLANG_WARN_COMMA = YES;
				CLANG_WARN_CONSTANT_CONVERSION = YES;
				CLANG_WARN_DEPRECATED_OBJC_IMPLEMENTATIONS = YES;
				CLANG_WARN_DIRECT_OBJC_ISA_USAGE = YES_ERROR;
				CLANG_WARN_DOCUMENTATION_COMMENTS = YES;
				CLANG_WARN_EMPTY_BODY = YES;
				CLANG_WARN_ENUM_CONVERSION = YES;
				CLANG_WARN_INFINITE_RECURSION = YES;
				CLANG_WARN_INT_CONVERSION = YES;
				CLANG_WARN_NON_LITERAL_NULL_CONVERSION = YES;
				CLANG_WARN_OBJC_IMPLICIT_RETAIN_SELF = YES;
				CLANG_WARN_OBJC_LITERAL_CONVERSION = YES;
				CLANG_WARN_OBJC_ROOT_CLASS = YES_ERROR;
				CLANG_WARN_QUOTED_INCLUDE_IN_FRAMEWORK_HEADER = YES;
				CLANG_WARN_RANGE_LOOP_ANALYSIS = YES;
				CLANG_WARN_STRICT_PROTOTYPES = YES;
				CLANG_WARN_SUSPICIOUS_MOVE = YES;
				CLANG_WARN_UNGUARDED_AVAILABILITY = YES_AGGRESSIVE;
				CLANG_WARN_UNREACHABLE_CODE = YES;
				CLANG_WARN__DUPLICATE_METHOD_MATCH = YES;
				COPY_PHASE_STRIP = NO;
				DEBUG_INFORMATION_FORMAT = "dwarf-with-dsym";
				ENABLE_NS_ASSERTIONS = NO;
				ENABLE_STRICT_OBJC_MSGSEND = YES;
				ENABLE_USER_SCRIPT_SANDBOXING = YES;
				GCC_C_LANGUAGE_STANDARD = gnu17;
				GCC_NO_COMMON_BLOCKS = YES;
				GCC_WARN_64_TO_32_BIT_CONVERSION = YES;
				GCC_WARN_ABOUT_RETURN_TYPE = YES_ERROR;
				GCC_WARN_UNDECLARED_SELECTOR = YES;
				GCC_WARN_UNINITIALIZED_AUTOS = YES_AGGRESSIVE;
				GCC_WARN_UNUSED_FUNCTION = YES;
				GCC_WARN_UNUSED_VARIABLE = YES;
				IPHONEOS_DEPLOYMENT_TARGET = 17.2;
				LOCALIZATION_PREFERS_STRING_CATALOGS = YES;
				MTL_ENABLE_DEBUG_INFO = NO;
				MTL_FAST_MATH = YES;
				SDKROOT = iphoneos;
				SWIFT_COMPILATION_MODE = wholemodule;
				VALIDATE_PRODUCT = YES;
			};
			name = Release;
		};
		78D56AF62BCFF12800D3DDCD /* Debug */ = {
			isa = XCBuildConfiguration;
			buildSettings = {
				ASSETCATALOG_COMPILER_APPICON_NAME = AppIcon;
				ASSETCATALOG_COMPILER_GLOBAL_ACCENT_COLOR_NAME = AccentColor;
				CODE_SIGN_STYLE = Automatic;
				CURRENT_PROJECT_VERSION = 1;
				DEVELOPMENT_ASSET_PATHS = "\"simple-mvvm-api/Preview Content\"";
				DEVELOPMENT_TEAM = WCTUNB2T49;
				ENABLE_PREVIEWS = YES;
				GENERATE_INFOPLIST_FILE = YES;
				INFOPLIST_KEY_UIApplicationSceneManifest_Generation = YES;
				INFOPLIST_KEY_UIApplicationSupportsIndirectInputEvents = YES;
				INFOPLIST_KEY_UILaunchScreen_Generation = YES;
				INFOPLIST_KEY_UISupportedInterfaceOrientations_iPad = "UIInterfaceOrientationPortrait UIInterfaceOrientationPortraitUpsideDown UIInterfaceOrientationLandscapeLeft UIInterfaceOrientationLandscapeRight";
				INFOPLIST_KEY_UISupportedInterfaceOrientations_iPhone = "UIInterfaceOrientationPortrait UIInterfaceOrientationLandscapeLeft UIInterfaceOrientationLandscapeRight";
				LD_RUNPATH_SEARCH_PATHS = (
					"$(inherited)",
					"@executable_path/Frameworks",
				);
				MARKETING_VERSION = 1.0;
				PRODUCT_BUNDLE_IDENTIFIER = "com.stevcodes.simple-mvvm-api";
				PRODUCT_NAME = "$(TARGET_NAME)";
				SWIFT_EMIT_LOC_STRINGS = YES;
				SWIFT_VERSION = 5.0;
				TARGETED_DEVICE_FAMILY = "1,2";
			};
			name = Debug;
		};
		78D56AF72BCFF12800D3DDCD /* Release */ = {
			isa = XCBuildConfiguration;
			buildSettings = {
				ASSETCATALOG_COMPILER_APPICON_NAME = AppIcon;
				ASSETCATALOG_COMPILER_GLOBAL_ACCENT_COLOR_NAME = AccentColor;
				CODE_SIGN_STYLE = Automatic;
				CURRENT_PROJECT_VERSION = 1;
				DEVELOPMENT_ASSET_PATHS = "\"simple-mvvm-api/Preview Content\"";
				DEVELOPMENT_TEAM = WCTUNB2T49;
				ENABLE_PREVIEWS = YES;
				GENERATE_INFOPLIST_FILE = YES;
				INFOPLIST_KEY_UIApplicationSceneManifest_Generation = YES;
				INFOPLIST_KEY_UIApplicationSupportsIndirectInputEvents = YES;
				INFOPLIST_KEY_UILaunchScreen_Generation = YES;
				INFOPLIST_KEY_UISupportedInterfaceOrientations_iPad = "UIInterfaceOrientationPortrait UIInterfaceOrientationPortraitUpsideDown UIInterfaceOrientationLandscapeLeft UIInterfaceOrientationLandscapeRight";
				INFOPLIST_KEY_UISupportedInterfaceOrientations_iPhone = "UIInterfaceOrientationPortrait UIInterfaceOrientationLandscapeLeft UIInterfaceOrientationLandscapeRight";
				LD_RUNPATH_SEARCH_PATHS = (
					"$(inherited)",
					"@executable_path/Frameworks",
				);
				MARKETING_VERSION = 1.0;
				PRODUCT_BUNDLE_IDENTIFIER = "com.stevcodes.simple-mvvm-api";
				PRODUCT_NAME = "$(TARGET_NAME)";
				SWIFT_EMIT_LOC_STRINGS = YES;
				SWIFT_VERSION = 5.0;
				TARGETED_DEVICE_FAMILY = "1,2";
			};
			name = Release;
		};
/* End XCBuildConfiguration section */

/* Begin XCConfigurationList section */
		78D56AE22BCFF12600D3DDCD /* Build configuration list for PBXProject "simple-mvvm-api" */ = {
			isa = XCConfigurationList;
			buildConfigurations = (
				78D56AF32BCFF12800D3DDCD /* Debug */,
				78D56AF42BCFF12800D3DDCD /* Release */,
			);
			defaultConfigurationIsVisible = 0;
			defaultConfigurationName = Release;
		};
		78D56AF52BCFF12800D3DDCD /* Build configuration list for PBXNativeTarget "simple-mvvm-api" */ = {
			isa = XCConfigurationList;
			buildConfigurations = (
				78D56AF62BCFF12800D3DDCD /* Debug */,
				78D56AF72BCFF12800D3DDCD /* Release */,
			);
			defaultConfigurationIsVisible = 0;
			defaultConfigurationName = Release;
		};
/* End XCConfigurationList section */

/* Begin XCRemoteSwiftPackageReference section */
		78D56AF92BCFF1D500D3DDCD /* XCRemoteSwiftPackageReference "Alamofire" */ = {
			isa = XCRemoteSwiftPackageReference;
			repositoryURL = "https://github.com/Alamofire/Alamofire";
			requirement = {
				kind = exactVersion;
				version = 5.9.1;
			};
		};
/* End XCRemoteSwiftPackageReference section */

/* Begin XCSwiftPackageProductDependency section */
		78D56AFA2BCFF1D500D3DDCD /* Alamofire */ = {
			isa = XCSwiftPackageProductDependency;
			package = 78D56AF92BCFF1D500D3DDCD /* XCRemoteSwiftPackageReference "Alamofire" */;
			productName = Alamofire;
		};
		78D56AFC2BCFF1D500D3DDCD /* AlamofireDynamic */ = {
			isa = XCSwiftPackageProductDependency;
			package = 78D56AF92BCFF1D500D3DDCD /* XCRemoteSwiftPackageReference "Alamofire" */;
			productName = AlamofireDynamic;
		};
/* End XCSwiftPackageProductDependency section */
	};
	rootObject = 78D56ADF2BCFF12600D3DDCD /* Project object */;
}
